Microsoft Visual Studio Solution File, Format Version 12.00
# Visual Studio Version 17
VisualStudioVersion = 17.0.31903.59
MinimumVisualStudioVersion = 10.0.40219.1
Project("{FAE04EC0-301F-11D3-BF4B-00C04F79EFBC}") = "Gamejam2", "Gamejam2.csproj", "{A04D05D6-C904-423D-B544-571DEBC23C7F}"
EndProject
Global
    GlobalSection(SolutionConfigurationPlatforms) = preSolution
        Debug|Any CPU = Debug|Any CPU
        Release|Any CPU = Release|Any CPU
        ExportDebug|Any CPU = ExportDebug|Any CPU
        ExportRelease|Any CPU = ExportRelease|Any CPU
    EndGlobalSection
    GlobalSection(ProjectConfigurationPlatforms) = postSolution
        {A04D05D6-C904-423D-B544-571DEBC23C7F}.Debug|Any CPU.ActiveCfg = Debug|Any CPU
        {A04D05D6-C904-423D-B544-571DEBC23C7F}.Debug|Any CPU.Build.0 = Debug|Any CPU
        {A04D05D6-C904-423D-B544-571DEBC23C7F}.Release|Any CPU.ActiveCfg = Release|Any CPU
        {A04D05D6-C904-423D-B544-571DEBC23C7F}.Release|Any CPU.Build.0 = Release|Any CPU
        {A04D05D6-C904-423D-B544-571DEBC23C7F}.ExportDebug|Any CPU.ActiveCfg = ExportDebug|Any CPU
        {A04D05D6-C904-423D-B544-571DEBC23C7F}.ExportDebug|Any CPU.Build.0 = ExportDebug|Any CPU
        {A04D05D6-C904-423D-B544-571DEBC23C7F}.ExportRelease|Any CPU.ActiveCfg = ExportRelease|Any CPU
        {A04D05D6-C904-423D-B544-571DEBC23C7F}.ExportRelease|Any CPU.Build.0 = ExportRelease|Any CPU
    EndGlobalSection
EndGlobal
